// !$*UTF8*$!
{
	archiveVersion = 1;
	classes = {
	};
	objectVersion = 50;
	objects = {

/* Begin PBXBuildFile section */
		6700B40A23649BAE005C1586 /* AppDelegate.swift in Sources */ = {isa = PBXBuildFile; fileRef = 6700B40923649BAE005C1586 /* AppDelegate.swift */; };
		6700B40C23649BAE005C1586 /* SceneDelegate.swift in Sources */ = {isa = PBXBuildFile; fileRef = 6700B40B23649BAE005C1586 /* SceneDelegate.swift */; };
		6700B41123649BAE005C1586 /* Main.storyboard in Resources */ = {isa = PBXBuildFile; fileRef = 6700B40F23649BAE005C1586 /* Main.storyboard */; };
		6700B41323649BB2005C1586 /* Assets.xcassets in Resources */ = {isa = PBXBuildFile; fileRef = 6700B41223649BB2005C1586 /* Assets.xcassets */; };
		6700B41623649BB2005C1586 /* LaunchScreen.storyboard in Resources */ = {isa = PBXBuildFile; fileRef = 6700B41423649BB2005C1586 /* LaunchScreen.storyboard */; };
		6700B42123649BB3005C1586 /* MovsTests.swift in Sources */ = {isa = PBXBuildFile; fileRef = 6700B42023649BB3005C1586 /* MovsTests.swift */; };
		6700B42C23649BB3005C1586 /* MovsUITests.swift in Sources */ = {isa = PBXBuildFile; fileRef = 6700B42B23649BB3005C1586 /* MovsUITests.swift */; };
		6700B43D2364A06B005C1586 /* MoviesListViewController.swift in Sources */ = {isa = PBXBuildFile; fileRef = 6700B43C2364A06B005C1586 /* MoviesListViewController.swift */; };
		6700B4432364B377005C1586 /* Movie.swift in Sources */ = {isa = PBXBuildFile; fileRef = 6700B4422364B377005C1586 /* Movie.swift */; };
		6700B4462364B53C005C1586 /* MovieServiceProtocol.swift in Sources */ = {isa = PBXBuildFile; fileRef = 6700B4452364B53C005C1586 /* MovieServiceProtocol.swift */; };
		6700B4482364B8FC005C1586 /* TMDBMovieService.swift in Sources */ = {isa = PBXBuildFile; fileRef = 6700B4472364B8FC005C1586 /* TMDBMovieService.swift */; };
		6700B44B2364C126005C1586 /* MovieCollectionCell.swift in Sources */ = {isa = PBXBuildFile; fileRef = 6700B44A2364C126005C1586 /* MovieCollectionCell.swift */; };
		6790D14E2365C3D9000C3BB4 /* MovieCellViewModel.swift in Sources */ = {isa = PBXBuildFile; fileRef = 6790D14D2365C3D9000C3BB4 /* MovieCellViewModel.swift */; };
		6790D1512365C8AD000C3BB4 /* CompletionBlock.swift in Sources */ = {isa = PBXBuildFile; fileRef = 6790D1502365C8AD000C3BB4 /* CompletionBlock.swift */; };
		6790D1532365D01E000C3BB4 /* MoviesListViewModel.swift in Sources */ = {isa = PBXBuildFile; fileRef = 6790D1522365D01E000C3BB4 /* MoviesListViewModel.swift */; };
		6790D1552365DB29000C3BB4 /* MoviesListDelegate.swift in Sources */ = {isa = PBXBuildFile; fileRef = 6790D1542365DB29000C3BB4 /* MoviesListDelegate.swift */; };
		6790D1572365DE46000C3BB4 /* MoviesListCollectionView.swift in Sources */ = {isa = PBXBuildFile; fileRef = 6700B43E2364A867005C1586 /* MoviesListCollectionView.swift */; };
		6790D15B2365F3A2000C3BB4 /* MessageView.swift in Sources */ = {isa = PBXBuildFile; fileRef = 6790D15A2365F3A2000C3BB4 /* MessageView.swift */; };
/* End PBXBuildFile section */

/* Begin PBXContainerItemProxy section */
		6700B41D23649BB3005C1586 /* PBXContainerItemProxy */ = {
			isa = PBXContainerItemProxy;
			containerPortal = 6700B3FE23649BAE005C1586 /* Project object */;
			proxyType = 1;
			remoteGlobalIDString = 6700B40523649BAE005C1586;
			remoteInfo = Movs;
		};
		6700B42823649BB3005C1586 /* PBXContainerItemProxy */ = {
			isa = PBXContainerItemProxy;
			containerPortal = 6700B3FE23649BAE005C1586 /* Project object */;
			proxyType = 1;
			remoteGlobalIDString = 6700B40523649BAE005C1586;
			remoteInfo = Movs;
		};
/* End PBXContainerItemProxy section */

/* Begin PBXFileReference section */
		6700B40623649BAE005C1586 /* Movs.app */ = {isa = PBXFileReference; explicitFileType = wrapper.application; includeInIndex = 0; path = Movs.app; sourceTree = BUILT_PRODUCTS_DIR; };
		6700B40923649BAE005C1586 /* AppDelegate.swift */ = {isa = PBXFileReference; lastKnownFileType = sourcecode.swift; path = AppDelegate.swift; sourceTree = "<group>"; };
		6700B40B23649BAE005C1586 /* SceneDelegate.swift */ = {isa = PBXFileReference; lastKnownFileType = sourcecode.swift; path = SceneDelegate.swift; sourceTree = "<group>"; };
		6700B41023649BAE005C1586 /* Base */ = {isa = PBXFileReference; lastKnownFileType = file.storyboard; name = Base; path = Base.lproj/Main.storyboard; sourceTree = "<group>"; };
		6700B41223649BB2005C1586 /* Assets.xcassets */ = {isa = PBXFileReference; lastKnownFileType = folder.assetcatalog; path = Assets.xcassets; sourceTree = "<group>"; };
		6700B41523649BB2005C1586 /* Base */ = {isa = PBXFileReference; lastKnownFileType = file.storyboard; name = Base; path = Base.lproj/LaunchScreen.storyboard; sourceTree = "<group>"; };
		6700B41723649BB2005C1586 /* Info.plist */ = {isa = PBXFileReference; lastKnownFileType = text.plist.xml; path = Info.plist; sourceTree = "<group>"; };
		6700B41C23649BB3005C1586 /* MovsTests.xctest */ = {isa = PBXFileReference; explicitFileType = wrapper.cfbundle; includeInIndex = 0; path = MovsTests.xctest; sourceTree = BUILT_PRODUCTS_DIR; };
		6700B42023649BB3005C1586 /* MovsTests.swift */ = {isa = PBXFileReference; lastKnownFileType = sourcecode.swift; path = MovsTests.swift; sourceTree = "<group>"; };
		6700B42223649BB3005C1586 /* Info.plist */ = {isa = PBXFileReference; lastKnownFileType = text.plist.xml; path = Info.plist; sourceTree = "<group>"; };
		6700B42723649BB3005C1586 /* MovsUITests.xctest */ = {isa = PBXFileReference; explicitFileType = wrapper.cfbundle; includeInIndex = 0; path = MovsUITests.xctest; sourceTree = BUILT_PRODUCTS_DIR; };
		6700B42B23649BB3005C1586 /* MovsUITests.swift */ = {isa = PBXFileReference; lastKnownFileType = sourcecode.swift; path = MovsUITests.swift; sourceTree = "<group>"; };
		6700B42D23649BB3005C1586 /* Info.plist */ = {isa = PBXFileReference; lastKnownFileType = text.plist.xml; path = Info.plist; sourceTree = "<group>"; };
		6700B43C2364A06B005C1586 /* MoviesListViewController.swift */ = {isa = PBXFileReference; lastKnownFileType = sourcecode.swift; path = MoviesListViewController.swift; sourceTree = "<group>"; };
		6700B43E2364A867005C1586 /* MoviesListCollectionView.swift */ = {isa = PBXFileReference; lastKnownFileType = sourcecode.swift; path = MoviesListCollectionView.swift; sourceTree = "<group>"; };
		6700B4422364B377005C1586 /* Movie.swift */ = {isa = PBXFileReference; lastKnownFileType = sourcecode.swift; path = Movie.swift; sourceTree = "<group>"; };
		6700B4452364B53C005C1586 /* MovieServiceProtocol.swift */ = {isa = PBXFileReference; lastKnownFileType = sourcecode.swift; path = MovieServiceProtocol.swift; sourceTree = "<group>"; };
		6700B4472364B8FC005C1586 /* TMDBMovieService.swift */ = {isa = PBXFileReference; lastKnownFileType = sourcecode.swift; path = TMDBMovieService.swift; sourceTree = "<group>"; };
		6700B44A2364C126005C1586 /* MovieCollectionCell.swift */ = {isa = PBXFileReference; lastKnownFileType = sourcecode.swift; path = MovieCollectionCell.swift; sourceTree = "<group>"; };
		6790D14D2365C3D9000C3BB4 /* MovieCellViewModel.swift */ = {isa = PBXFileReference; lastKnownFileType = sourcecode.swift; path = MovieCellViewModel.swift; sourceTree = "<group>"; };
		6790D1502365C8AD000C3BB4 /* CompletionBlock.swift */ = {isa = PBXFileReference; lastKnownFileType = sourcecode.swift; path = CompletionBlock.swift; sourceTree = "<group>"; };
		6790D1522365D01E000C3BB4 /* MoviesListViewModel.swift */ = {isa = PBXFileReference; lastKnownFileType = sourcecode.swift; path = MoviesListViewModel.swift; sourceTree = "<group>"; };
		6790D1542365DB29000C3BB4 /* MoviesListDelegate.swift */ = {isa = PBXFileReference; lastKnownFileType = sourcecode.swift; path = MoviesListDelegate.swift; sourceTree = "<group>"; };
		6790D15A2365F3A2000C3BB4 /* MessageView.swift */ = {isa = PBXFileReference; lastKnownFileType = sourcecode.swift; path = MessageView.swift; sourceTree = "<group>"; };
/* End PBXFileReference section */

/* Begin PBXFrameworksBuildPhase section */
		6700B40323649BAE005C1586 /* Frameworks */ = {
			isa = PBXFrameworksBuildPhase;
			buildActionMask = 2147483647;
			files = (
			);
			runOnlyForDeploymentPostprocessing = 0;
		};
		6700B41923649BB3005C1586 /* Frameworks */ = {
			isa = PBXFrameworksBuildPhase;
			buildActionMask = 2147483647;
			files = (
			);
			runOnlyForDeploymentPostprocessing = 0;
		};
		6700B42423649BB3005C1586 /* Frameworks */ = {
			isa = PBXFrameworksBuildPhase;
			buildActionMask = 2147483647;
			files = (
			);
			runOnlyForDeploymentPostprocessing = 0;
		};
/* End PBXFrameworksBuildPhase section */

/* Begin PBXGroup section */
		6700B3FD23649BAE005C1586 = {
			isa = PBXGroup;
			children = (
				6700B40823649BAE005C1586 /* Movs */,
				6700B41F23649BB3005C1586 /* MovsTests */,
				6700B42A23649BB3005C1586 /* MovsUITests */,
				6700B40723649BAE005C1586 /* Products */,
			);
			sourceTree = "<group>";
		};
		6700B40723649BAE005C1586 /* Products */ = {
			isa = PBXGroup;
			children = (
				6700B40623649BAE005C1586 /* Movs.app */,
				6700B41C23649BB3005C1586 /* MovsTests.xctest */,
				6700B42723649BB3005C1586 /* MovsUITests.xctest */,
			);
			name = Products;
			sourceTree = "<group>";
		};
		6700B40823649BAE005C1586 /* Movs */ = {
			isa = PBXGroup;
			children = (
				6790D14F2365C87E000C3BB4 /* Utils */,
				6700B43923649CC2005C1586 /* App */,
				6700B4442364B505005C1586 /* Service */,
				6700B4412364AD53005C1586 /* Model */,
				6700B43A23649F35005C1586 /* Module */,
				6700B41223649BB2005C1586 /* Assets.xcassets */,
				6700B41423649BB2005C1586 /* LaunchScreen.storyboard */,
			);
			path = Movs;
			sourceTree = "<group>";
		};
		6700B41F23649BB3005C1586 /* MovsTests */ = {
			isa = PBXGroup;
			children = (
				6700B42023649BB3005C1586 /* MovsTests.swift */,
				6700B42223649BB3005C1586 /* Info.plist */,
			);
			path = MovsTests;
			sourceTree = "<group>";
		};
		6700B42A23649BB3005C1586 /* MovsUITests */ = {
			isa = PBXGroup;
			children = (
				6700B42B23649BB3005C1586 /* MovsUITests.swift */,
				6700B42D23649BB3005C1586 /* Info.plist */,
			);
			path = MovsUITests;
			sourceTree = "<group>";
		};
		6700B43923649CC2005C1586 /* App */ = {
			isa = PBXGroup;
			children = (
				6700B41723649BB2005C1586 /* Info.plist */,
				6700B40923649BAE005C1586 /* AppDelegate.swift */,
				6700B40B23649BAE005C1586 /* SceneDelegate.swift */,
				6700B40F23649BAE005C1586 /* Main.storyboard */,
			);
			path = App;
			sourceTree = "<group>";
		};
		6700B43A23649F35005C1586 /* Module */ = {
			isa = PBXGroup;
			children = (
				6700B4492364C10E005C1586 /* MovieCollectionCell */,
				6700B43B23649FCA005C1586 /* MoviesList */,
			);
			path = Module;
			sourceTree = "<group>";
		};
		6700B43B23649FCA005C1586 /* MoviesList */ = {
			isa = PBXGroup;
			children = (
				6790D1562365DD46000C3BB4 /* Subviews */,
				6700B43C2364A06B005C1586 /* MoviesListViewController.swift */,
				6790D1522365D01E000C3BB4 /* MoviesListViewModel.swift */,
				6790D1542365DB29000C3BB4 /* MoviesListDelegate.swift */,
			);
			path = MoviesList;
			sourceTree = "<group>";
		};
		6700B4412364AD53005C1586 /* Model */ = {
			isa = PBXGroup;
			children = (
				6700B4422364B377005C1586 /* Movie.swift */,
			);
			path = Model;
			sourceTree = "<group>";
		};
		6700B4442364B505005C1586 /* Service */ = {
			isa = PBXGroup;
			children = (
				6700B4452364B53C005C1586 /* MovieServiceProtocol.swift */,
				6700B4472364B8FC005C1586 /* TMDBMovieService.swift */,
			);
			path = Service;
			sourceTree = "<group>";
		};
		6700B4492364C10E005C1586 /* MovieCollectionCell */ = {
			isa = PBXGroup;
			children = (
				6700B44A2364C126005C1586 /* MovieCollectionCell.swift */,
				6790D14D2365C3D9000C3BB4 /* MovieCellViewModel.swift */,
			);
			path = MovieCollectionCell;
			sourceTree = "<group>";
		};
		6790D14F2365C87E000C3BB4 /* Utils */ = {
			isa = PBXGroup;
			children = (
				6790D1502365C8AD000C3BB4 /* CompletionBlock.swift */,
			);
			path = Utils;
			sourceTree = "<group>";
		};
		6790D1562365DD46000C3BB4 /* Subviews */ = {
			isa = PBXGroup;
			children = (
				6700B43E2364A867005C1586 /* MoviesListCollectionView.swift */,
				6790D15A2365F3A2000C3BB4 /* MessageView.swift */,
			);
			path = Subviews;
			sourceTree = "<group>";
		};
/* End PBXGroup section */

/* Begin PBXNativeTarget section */
		6700B40523649BAE005C1586 /* Movs */ = {
			isa = PBXNativeTarget;
			buildConfigurationList = 6700B43023649BB3005C1586 /* Build configuration list for PBXNativeTarget "Movs" */;
			buildPhases = (
				6700B40223649BAE005C1586 /* Sources */,
				6700B40323649BAE005C1586 /* Frameworks */,
				6700B40423649BAE005C1586 /* Resources */,
			);
			buildRules = (
			);
			dependencies = (
			);
			name = Movs;
			productName = Movs;
			productReference = 6700B40623649BAE005C1586 /* Movs.app */;
			productType = "com.apple.product-type.application";
		};
		6700B41B23649BB3005C1586 /* MovsTests */ = {
			isa = PBXNativeTarget;
			buildConfigurationList = 6700B43323649BB3005C1586 /* Build configuration list for PBXNativeTarget "MovsTests" */;
			buildPhases = (
				6700B41823649BB3005C1586 /* Sources */,
				6700B41923649BB3005C1586 /* Frameworks */,
				6700B41A23649BB3005C1586 /* Resources */,
			);
			buildRules = (
			);
			dependencies = (
				6700B41E23649BB3005C1586 /* PBXTargetDependency */,
			);
			name = MovsTests;
			productName = MovsTests;
			productReference = 6700B41C23649BB3005C1586 /* MovsTests.xctest */;
			productType = "com.apple.product-type.bundle.unit-test";
		};
		6700B42623649BB3005C1586 /* MovsUITests */ = {
			isa = PBXNativeTarget;
			buildConfigurationList = 6700B43623649BB3005C1586 /* Build configuration list for PBXNativeTarget "MovsUITests" */;
			buildPhases = (
				6700B42323649BB3005C1586 /* Sources */,
				6700B42423649BB3005C1586 /* Frameworks */,
				6700B42523649BB3005C1586 /* Resources */,
			);
			buildRules = (
			);
			dependencies = (
				6700B42923649BB3005C1586 /* PBXTargetDependency */,
			);
			name = MovsUITests;
			productName = MovsUITests;
			productReference = 6700B42723649BB3005C1586 /* MovsUITests.xctest */;
			productType = "com.apple.product-type.bundle.ui-testing";
		};
/* End PBXNativeTarget section */

/* Begin PBXProject section */
		6700B3FE23649BAE005C1586 /* Project object */ = {
			isa = PBXProject;
			attributes = {
				LastSwiftUpdateCheck = 1110;
				LastUpgradeCheck = 1110;
				ORGANIZATIONNAME = "Bruno Barbosa";
				TargetAttributes = {
					6700B40523649BAE005C1586 = {
						CreatedOnToolsVersion = 11.1;
					};
					6700B41B23649BB3005C1586 = {
						CreatedOnToolsVersion = 11.1;
						TestTargetID = 6700B40523649BAE005C1586;
					};
					6700B42623649BB3005C1586 = {
						CreatedOnToolsVersion = 11.1;
						TestTargetID = 6700B40523649BAE005C1586;
					};
				};
			};
			buildConfigurationList = 6700B40123649BAE005C1586 /* Build configuration list for PBXProject "Movs" */;
			compatibilityVersion = "Xcode 9.3";
			developmentRegion = en;
			hasScannedForEncodings = 0;
			knownRegions = (
				en,
				Base,
			);
			mainGroup = 6700B3FD23649BAE005C1586;
			productRefGroup = 6700B40723649BAE005C1586 /* Products */;
			projectDirPath = "";
			projectRoot = "";
			targets = (
				6700B40523649BAE005C1586 /* Movs */,
				6700B41B23649BB3005C1586 /* MovsTests */,
				6700B42623649BB3005C1586 /* MovsUITests */,
			);
		};
/* End PBXProject section */

/* Begin PBXResourcesBuildPhase section */
		6700B40423649BAE005C1586 /* Resources */ = {
			isa = PBXResourcesBuildPhase;
			buildActionMask = 2147483647;
			files = (
				6700B41623649BB2005C1586 /* LaunchScreen.storyboard in Resources */,
				6700B41323649BB2005C1586 /* Assets.xcassets in Resources */,
				6700B41123649BAE005C1586 /* Main.storyboard in Resources */,
			);
			runOnlyForDeploymentPostprocessing = 0;
		};
		6700B41A23649BB3005C1586 /* Resources */ = {
			isa = PBXResourcesBuildPhase;
			buildActionMask = 2147483647;
			files = (
			);
			runOnlyForDeploymentPostprocessing = 0;
		};
		6700B42523649BB3005C1586 /* Resources */ = {
			isa = PBXResourcesBuildPhase;
			buildActionMask = 2147483647;
			files = (
			);
			runOnlyForDeploymentPostprocessing = 0;
		};
/* End PBXResourcesBuildPhase section */

/* Begin PBXSourcesBuildPhase section */
		6700B40223649BAE005C1586 /* Sources */ = {
			isa = PBXSourcesBuildPhase;
			buildActionMask = 2147483647;
			files = (
				6700B44B2364C126005C1586 /* MovieCollectionCell.swift in Sources */,
				6790D1552365DB29000C3BB4 /* MoviesListDelegate.swift in Sources */,
				6700B40A23649BAE005C1586 /* AppDelegate.swift in Sources */,
				6790D1572365DE46000C3BB4 /* MoviesListCollectionView.swift in Sources */,
				6700B40C23649BAE005C1586 /* SceneDelegate.swift in Sources */,
				6790D15B2365F3A2000C3BB4 /* MessageView.swift in Sources */,
				6700B4462364B53C005C1586 /* MovieServiceProtocol.swift in Sources */,
				6790D14E2365C3D9000C3BB4 /* MovieCellViewModel.swift in Sources */,
				6790D1512365C8AD000C3BB4 /* CompletionBlock.swift in Sources */,
				6700B43D2364A06B005C1586 /* MoviesListViewController.swift in Sources */,
				6790D1532365D01E000C3BB4 /* MoviesListViewModel.swift in Sources */,
				6700B4432364B377005C1586 /* Movie.swift in Sources */,
				6700B4482364B8FC005C1586 /* TMDBMovieService.swift in Sources */,
			);
			runOnlyForDeploymentPostprocessing = 0;
		};
		6700B41823649BB3005C1586 /* Sources */ = {
			isa = PBXSourcesBuildPhase;
			buildActionMask = 2147483647;
			files = (
				6700B42123649BB3005C1586 /* MovsTests.swift in Sources */,
			);
			runOnlyForDeploymentPostprocessing = 0;
		};
		6700B42323649BB3005C1586 /* Sources */ = {
			isa = PBXSourcesBuildPhase;
			buildActionMask = 2147483647;
			files = (
				6700B42C23649BB3005C1586 /* MovsUITests.swift in Sources */,
			);
			runOnlyForDeploymentPostprocessing = 0;
		};
/* End PBXSourcesBuildPhase section */

/* Begin PBXTargetDependency section */
		6700B41E23649BB3005C1586 /* PBXTargetDependency */ = {
			isa = PBXTargetDependency;
			target = 6700B40523649BAE005C1586 /* Movs */;
			targetProxy = 6700B41D23649BB3005C1586 /* PBXContainerItemProxy */;
		};
		6700B42923649BB3005C1586 /* PBXTargetDependency */ = {
			isa = PBXTargetDependency;
			target = 6700B40523649BAE005C1586 /* Movs */;
			targetProxy = 6700B42823649BB3005C1586 /* PBXContainerItemProxy */;
		};
/* End PBXTargetDependency section */

/* Begin PBXVariantGroup section */
		6700B40F23649BAE005C1586 /* Main.storyboard */ = {
			isa = PBXVariantGroup;
			children = (
				6700B41023649BAE005C1586 /* Base */,
			);
			name = Main.storyboard;
			sourceTree = "<group>";
		};
		6700B41423649BB2005C1586 /* LaunchScreen.storyboard */ = {
			isa = PBXVariantGroup;
			children = (
				6700B41523649BB2005C1586 /* Base */,
			);
			name = LaunchScreen.storyboard;
			sourceTree = "<group>";
		};
/* End PBXVariantGroup section */

/* Begin XCBuildConfiguration section */
		6700B42E23649BB3005C1586 /* Debug */ = {
			isa = XCBuildConfiguration;
			buildSettings = {
				ALWAYS_SEARCH_USER_PATHS = NO;
				CLANG_ANALYZER_NONNULL = YES;
				CLANG_ANALYZER_NUMBER_OBJECT_CONVERSION = YES_AGGRESSIVE;
				CLANG_CXX_LANGUAGE_STANDARD = "gnu++14";
				CLANG_CXX_LIBRARY = "libc++";
				CLANG_ENABLE_MODULES = YES;
				CLANG_ENABLE_OBJC_ARC = YES;
				CLANG_ENABLE_OBJC_WEAK = YES;
				CLANG_WARN_BLOCK_CAPTURE_AUTORELEASING = YES;
				CLANG_WARN_BOOL_CONVERSION = YES;
				CLANG_WARN_COMMA = YES;
				CLANG_WARN_CONSTANT_CONVERSION = YES;
				CLANG_WARN_DEPRECATED_OBJC_IMPLEMENTATIONS = YES;
				CLANG_WARN_DIRECT_OBJC_ISA_USAGE = YES_ERROR;
				CLANG_WARN_DOCUMENTATION_COMMENTS = YES;
				CLANG_WARN_EMPTY_BODY = YES;
				CLANG_WARN_ENUM_CONVERSION = YES;
				CLANG_WARN_INFINITE_RECURSION = YES;
				CLANG_WARN_INT_CONVERSION = YES;
				CLANG_WARN_NON_LITERAL_NULL_CONVERSION = YES;
				CLANG_WARN_OBJC_IMPLICIT_RETAIN_SELF = YES;
				CLANG_WARN_OBJC_LITERAL_CONVERSION = YES;
				CLANG_WARN_OBJC_ROOT_CLASS = YES_ERROR;
				CLANG_WARN_RANGE_LOOP_ANALYSIS = YES;
				CLANG_WARN_STRICT_PROTOTYPES = YES;
				CLANG_WARN_SUSPICIOUS_MOVE = YES;
				CLANG_WARN_UNGUARDED_AVAILABILITY = YES_AGGRESSIVE;
				CLANG_WARN_UNREACHABLE_CODE = YES;
				CLANG_WARN__DUPLICATE_METHOD_MATCH = YES;
				COPY_PHASE_STRIP = NO;
				DEBUG_INFORMATION_FORMAT = dwarf;
				ENABLE_STRICT_OBJC_MSGSEND = YES;
				ENABLE_TESTABILITY = YES;
				GCC_C_LANGUAGE_STANDARD = gnu11;
				GCC_DYNAMIC_NO_PIC = NO;
				GCC_NO_COMMON_BLOCKS = YES;
				GCC_OPTIMIZATION_LEVEL = 0;
				GCC_PREPROCESSOR_DEFINITIONS = (
					"DEBUG=1",
					"$(inherited)",
				);
				GCC_WARN_64_TO_32_BIT_CONVERSION = YES;
				GCC_WARN_ABOUT_RETURN_TYPE = YES_ERROR;
				GCC_WARN_UNDECLARED_SELECTOR = YES;
				GCC_WARN_UNINITIALIZED_AUTOS = YES_AGGRESSIVE;
				GCC_WARN_UNUSED_FUNCTION = YES;
				GCC_WARN_UNUSED_VARIABLE = YES;
				IPHONEOS_DEPLOYMENT_TARGET = 13.1;
				MTL_ENABLE_DEBUG_INFO = INCLUDE_SOURCE;
				MTL_FAST_MATH = YES;
				ONLY_ACTIVE_ARCH = YES;
				SDKROOT = iphoneos;
				SWIFT_ACTIVE_COMPILATION_CONDITIONS = DEBUG;
				SWIFT_OPTIMIZATION_LEVEL = "-Onone";
			};
			name = Debug;
		};
		6700B42F23649BB3005C1586 /* Release */ = {
			isa = XCBuildConfiguration;
			buildSettings = {
				ALWAYS_SEARCH_USER_PATHS = NO;
				CLANG_ANALYZER_NONNULL = YES;
				CLANG_ANALYZER_NUMBER_OBJECT_CONVERSION = YES_AGGRESSIVE;
				CLANG_CXX_LANGUAGE_STANDARD = "gnu++14";
				CLANG_CXX_LIBRARY = "libc++";
				CLANG_ENABLE_MODULES = YES;
				CLANG_ENABLE_OBJC_ARC = YES;
				CLANG_ENABLE_OBJC_WEAK = YES;
				CLANG_WARN_BLOCK_CAPTURE_AUTORELEASING = YES;
				CLANG_WARN_BOOL_CONVERSION = YES;
				CLANG_WARN_COMMA = YES;
				CLANG_WARN_CONSTANT_CONVERSION = YES;
				CLANG_WARN_DEPRECATED_OBJC_IMPLEMENTATIONS = YES;
				CLANG_WARN_DIRECT_OBJC_ISA_USAGE = YES_ERROR;
				CLANG_WARN_DOCUMENTATION_COMMENTS = YES;
				CLANG_WARN_EMPTY_BODY = YES;
				CLANG_WARN_ENUM_CONVERSION = YES;
				CLANG_WARN_INFINITE_RECURSION = YES;
				CLANG_WARN_INT_CONVERSION = YES;
				CLANG_WARN_NON_LITERAL_NULL_CONVERSION = YES;
				CLANG_WARN_OBJC_IMPLICIT_RETAIN_SELF = YES;
				CLANG_WARN_OBJC_LITERAL_CONVERSION = YES;
				CLANG_WARN_OBJC_ROOT_CLASS = YES_ERROR;
				CLANG_WARN_RANGE_LOOP_ANALYSIS = YES;
				CLANG_WARN_STRICT_PROTOTYPES = YES;
				CLANG_WARN_SUSPICIOUS_MOVE = YES;
				CLANG_WARN_UNGUARDED_AVAILABILITY = YES_AGGRESSIVE;
				CLANG_WARN_UNREACHABLE_CODE = YES;
				CLANG_WARN__DUPLICATE_METHOD_MATCH = YES;
				COPY_PHASE_STRIP = NO;
				DEBUG_INFORMATION_FORMAT = "dwarf-with-dsym";
				ENABLE_NS_ASSERTIONS = NO;
				ENABLE_STRICT_OBJC_MSGSEND = YES;
				GCC_C_LANGUAGE_STANDARD = gnu11;
				GCC_NO_COMMON_BLOCKS = YES;
				GCC_WARN_64_TO_32_BIT_CONVERSION = YES;
				GCC_WARN_ABOUT_RETURN_TYPE = YES_ERROR;
				GCC_WARN_UNDECLARED_SELECTOR = YES;
				GCC_WARN_UNINITIALIZED_AUTOS = YES_AGGRESSIVE;
				GCC_WARN_UNUSED_FUNCTION = YES;
				GCC_WARN_UNUSED_VARIABLE = YES;
				IPHONEOS_DEPLOYMENT_TARGET = 13.1;
				MTL_ENABLE_DEBUG_INFO = NO;
				MTL_FAST_MATH = YES;
				SDKROOT = iphoneos;
				SWIFT_COMPILATION_MODE = wholemodule;
				SWIFT_OPTIMIZATION_LEVEL = "-O";
				VALIDATE_PRODUCT = YES;
			};
			name = Release;
		};
		6700B43123649BB3005C1586 /* Debug */ = {
			isa = XCBuildConfiguration;
			buildSettings = {
				ASSETCATALOG_COMPILER_APPICON_NAME = AppIcon;
				CODE_SIGN_STYLE = Automatic;
				DEVELOPMENT_TEAM = PMU36CU64R;
				INFOPLIST_FILE = Movs/App/Info.plist;
				IPHONEOS_DEPLOYMENT_TARGET = 13.0;
				LD_RUNPATH_SEARCH_PATHS = (
					"$(inherited)",
					"@executable_path/Frameworks",
				);
				PRODUCT_BUNDLE_IDENTIFIER = com.tbbruno.Movs;
				PRODUCT_NAME = "$(TARGET_NAME)";
				SWIFT_VERSION = 5.0;
				TARGETED_DEVICE_FAMILY = 1;
			};
			name = Debug;
		};
		6700B43223649BB3005C1586 /* Release */ = {
			isa = XCBuildConfiguration;
			buildSettings = {
				ASSETCATALOG_COMPILER_APPICON_NAME = AppIcon;
				CODE_SIGN_STYLE = Automatic;
				DEVELOPMENT_TEAM = PMU36CU64R;
				INFOPLIST_FILE = Movs/App/Info.plist;
				IPHONEOS_DEPLOYMENT_TARGET = 13.0;
				LD_RUNPATH_SEARCH_PATHS = (
					"$(inherited)",
					"@executable_path/Frameworks",
				);
				PRODUCT_BUNDLE_IDENTIFIER = com.tbbruno.Movs;
				PRODUCT_NAME = "$(TARGET_NAME)";
				SWIFT_VERSION = 5.0;
				TARGETED_DEVICE_FAMILY = 1;
			};
			name = Release;
		};
		6700B43423649BB3005C1586 /* Debug */ = {
			isa = XCBuildConfiguration;
			buildSettings = {
				ALWAYS_EMBED_SWIFT_STANDARD_LIBRARIES = YES;
				BUNDLE_LOADER = "$(TEST_HOST)";
				CODE_SIGN_STYLE = Automatic;
				DEVELOPMENT_TEAM = PMU36CU64R;
				INFOPLIST_FILE = MovsTests/Info.plist;
				IPHONEOS_DEPLOYMENT_TARGET = 13.1;
				LD_RUNPATH_SEARCH_PATHS = (
					"$(inherited)",
					"@executable_path/Frameworks",
					"@loader_path/Frameworks",
				);
				PRODUCT_BUNDLE_IDENTIFIER = com.tbbruno.MovsTests;
				PRODUCT_NAME = "$(TARGET_NAME)";
				SWIFT_VERSION = 5.0;
				TARGETED_DEVICE_FAMILY = "1,2";
				TEST_HOST = "$(BUILT_PRODUCTS_DIR)/Movs.app/Movs";
			};
			name = Debug;
		};
		6700B43523649BB3005C1586 /* Release */ = {
			isa = XCBuildConfiguration;
			buildSettings = {
				ALWAYS_EMBED_SWIFT_STANDARD_LIBRARIES = YES;
				BUNDLE_LOADER = "$(TEST_HOST)";
				CODE_SIGN_STYLE = Automatic;
				DEVELOPMENT_TEAM = PMU36CU64R;
				INFOPLIST_FILE = MovsTests/Info.plist;
				IPHONEOS_DEPLOYMENT_TARGET = 13.1;
				LD_RUNPATH_SEARCH_PATHS = (
					"$(inherited)",
					"@executable_path/Frameworks",
					"@loader_path/Frameworks",
				);
				PRODUCT_BUNDLE_IDENTIFIER = com.tbbruno.MovsTests;
				PRODUCT_NAME = "$(TARGET_NAME)";
				SWIFT_VERSION = 5.0;
				TARGETED_DEVICE_FAMILY = "1,2";
				TEST_HOST = "$(BUILT_PRODUCTS_DIR)/Movs.app/Movs";
			};
			name = Release;
		};
		6700B43723649BB3005C1586 /* Debug */ = {
			isa = XCBuildConfiguration;
			buildSettings = {
				ALWAYS_EMBED_SWIFT_STANDARD_LIBRARIES = YES;
				CODE_SIGN_STYLE = Automatic;
				DEVELOPMENT_TEAM = PMU36CU64R;
				INFOPLIST_FILE = MovsUITests/Info.plist;
				LD_RUNPATH_SEARCH_PATHS = (
					"$(inherited)",
					"@executable_path/Frameworks",
					"@loader_path/Frameworks",
				);
				PRODUCT_BUNDLE_IDENTIFIER = com.tbbruno.MovsUITests;
				PRODUCT_NAME = "$(TARGET_NAME)";
				SWIFT_VERSION = 5.0;
				TARGETED_DEVICE_FAMILY = "1,2";
				TEST_TARGET_NAME = Movs;
			};
			name = Debug;
		};
		6700B43823649BB3005C1586 /* Release */ = {
			isa = XCBuildConfiguration;
			buildSettings = {
				ALWAYS_EMBED_SWIFT_STANDARD_LIBRARIES = YES;
				CODE_SIGN_STYLE = Automatic;
				DEVELOPMENT_TEAM = PMU36CU64R;
				INFOPLIST_FILE = MovsUITests/Info.plist;
				LD_RUNPATH_SEARCH_PATHS = (
					"$(inherited)",
					"@executable_path/Frameworks",
					"@loader_path/Frameworks",
				);
				PRODUCT_BUNDLE_IDENTIFIER = com.tbbruno.MovsUITests;
				PRODUCT_NAME = "$(TARGET_NAME)";
				SWIFT_VERSION = 5.0;
				TARGETED_DEVICE_FAMILY = "1,2";
				TEST_TARGET_NAME = Movs;
			};
			name = Release;
		};
/* End XCBuildConfiguration section */

/* Begin XCConfigurationList section */
		6700B40123649BAE005C1586 /* Build configuration list for PBXProject "Movs" */ = {
			isa = XCConfigurationList;
			buildConfigurations = (
				6700B42E23649BB3005C1586 /* Debug */,
				6700B42F23649BB3005C1586 /* Release */,
			);
			defaultConfigurationIsVisible = 0;
			defaultConfigurationName = Release;
		};
		6700B43023649BB3005C1586 /* Build configuration list for PBXNativeTarget "Movs" */ = {
			isa = XCConfigurationList;
			buildConfigurations = (
				6700B43123649BB3005C1586 /* Debug */,
				6700B43223649BB3005C1586 /* Release */,
			);
			defaultConfigurationIsVisible = 0;
			defaultConfigurationName = Release;
		};
		6700B43323649BB3005C1586 /* Build configuration list for PBXNativeTarget "MovsTests" */ = {
			isa = XCConfigurationList;
			buildConfigurations = (
				6700B43423649BB3005C1586 /* Debug */,
				6700B43523649BB3005C1586 /* Release */,
			);
			defaultConfigurationIsVisible = 0;
			defaultConfigurationName = Release;
		};
		6700B43623649BB3005C1586 /* Build configuration list for PBXNativeTarget "MovsUITests" */ = {
			isa = XCConfigurationList;
			buildConfigurations = (
				6700B43723649BB3005C1586 /* Debug */,
				6700B43823649BB3005C1586 /* Release */,
			);
			defaultConfigurationIsVisible = 0;
			defaultConfigurationName = Release;
		};
/* End XCConfigurationList section */
	};
	rootObject = 6700B3FE23649BAE005C1586 /* Project object */;
}
