// !$*UTF8*$!
{
	archiveVersion = 1;
	classes = {
	};
	objectVersion = 50;
	objects = {

/* Begin PBXBuildFile section */
		0818B339217C0C1E00F884B8 /* AppDelegate.swift in Sources */ = {isa = PBXBuildFile; fileRef = 0818B338217C0C1E00F884B8 /* AppDelegate.swift */; };
		0818B340217C0C1F00F884B8 /* Assets.xcassets in Resources */ = {isa = PBXBuildFile; fileRef = 0818B33F217C0C1F00F884B8 /* Assets.xcassets */; };
		084645B7217F7FF400B3A05F /* MoviesGridView.swift in Sources */ = {isa = PBXBuildFile; fileRef = 084645B6217F7FF400B3A05F /* MoviesGridView.swift */; };
		084645B9217F806800B3A05F /* ViewCode.swift in Sources */ = {isa = PBXBuildFile; fileRef = 084645B8217F806800B3A05F /* ViewCode.swift */; };
		084645BC217FA05400B3A05F /* MoviesGridCollectionView.swift in Sources */ = {isa = PBXBuildFile; fileRef = 084645BB217FA05400B3A05F /* MoviesGridCollectionView.swift */; };
		084645BE217FA07900B3A05F /* MoviesGridCell.swift in Sources */ = {isa = PBXBuildFile; fileRef = 084645BD217FA07900B3A05F /* MoviesGridCell.swift */; };
		084645C1217FA1AC00B3A05F /* MovsNavigationController.swift in Sources */ = {isa = PBXBuildFile; fileRef = 084645C0217FA1AC00B3A05F /* MovsNavigationController.swift */; };
		084645C4217FAF2500B3A05F /* MoviesGridDataSource.swift in Sources */ = {isa = PBXBuildFile; fileRef = 084645C3217FAF2500B3A05F /* MoviesGridDataSource.swift */; };
		084645C9217FB9AF00B3A05F /* MovsNavigationSearchController.swift in Sources */ = {isa = PBXBuildFile; fileRef = 084645C8217FB9AF00B3A05F /* MovsNavigationSearchController.swift */; };
		08E4A6162181263200386DFA /* Fonts.swift in Sources */ = {isa = PBXBuildFile; fileRef = 08E4A6152181263200386DFA /* Fonts.swift */; };
		08E4A619218132BD00386DFA /* MovsTabBarController.swift in Sources */ = {isa = PBXBuildFile; fileRef = 08E4A618218132BD00386DFA /* MovsTabBarController.swift */; };
		08E4A61B2181373500386DFA /* AppCoordinator.swift in Sources */ = {isa = PBXBuildFile; fileRef = 08E4A61A2181373500386DFA /* AppCoordinator.swift */; };
		08E4A61E2181417100386DFA /* FeedbackView.swift in Sources */ = {isa = PBXBuildFile; fileRef = 08E4A61D2181417100386DFA /* FeedbackView.swift */; };
		08E4A6322181EB4F00386DFA /* CoordinatorTests.swift in Sources */ = {isa = PBXBuildFile; fileRef = 08E4A6312181EB4F00386DFA /* CoordinatorTests.swift */; };
		08E4A6342181F03500386DFA /* BaseMVPTests.swift in Sources */ = {isa = PBXBuildFile; fileRef = 08E4A6332181F03500386DFA /* BaseMVPTests.swift */; };
		08E4A6362181FAC900386DFA /* ViewCodeTests.swift in Sources */ = {isa = PBXBuildFile; fileRef = 08E4A6352181FAC900386DFA /* ViewCodeTests.swift */; };
		08E4A6382182456E00386DFA /* MoviesGridFlowLayout.swift in Sources */ = {isa = PBXBuildFile; fileRef = 08E4A6372182456E00386DFA /* MoviesGridFlowLayout.swift */; };
		08E4A63B2182554500386DFA /* FavoriteMoviesCell.swift in Sources */ = {isa = PBXBuildFile; fileRef = 08E4A63A2182554500386DFA /* FavoriteMoviesCell.swift */; };
		08E4A63D218336A200386DFA /* FavoriteMoviesView.swift in Sources */ = {isa = PBXBuildFile; fileRef = 08E4A63C218336A200386DFA /* FavoriteMoviesView.swift */; };
		08E4A63F2183372600386DFA /* FavoriteMoviesTableView.swift in Sources */ = {isa = PBXBuildFile; fileRef = 08E4A63E2183372600386DFA /* FavoriteMoviesTableView.swift */; };
		08E4A6412183373700386DFA /* FavoriteMoviesDataSource.swift in Sources */ = {isa = PBXBuildFile; fileRef = 08E4A6402183373700386DFA /* FavoriteMoviesDataSource.swift */; };
		08E4A6452184927A00386DFA /* UIView+Autolayout.swift in Sources */ = {isa = PBXBuildFile; fileRef = 08E4A6442184927A00386DFA /* UIView+Autolayout.swift */; };
		08E4A6482184965800386DFA /* AssetsTests.swift in Sources */ = {isa = PBXBuildFile; fileRef = 08E4A6472184965800386DFA /* AssetsTests.swift */; };
		08E4A64B218766CF00386DFA /* MovieDetailView.swift in Sources */ = {isa = PBXBuildFile; fileRef = 08E4A64A218766CF00386DFA /* MovieDetailView.swift */; };
		08F140852189382C00136045 /* FavoriteButton.swift in Sources */ = {isa = PBXBuildFile; fileRef = 08F140842189382C00136045 /* FavoriteButton.swift */; };
		08F1408721893A9E00136045 /* MovieDetailDataSource.swift in Sources */ = {isa = PBXBuildFile; fileRef = 08F1408621893A9E00136045 /* MovieDetailDataSource.swift */; };
		08FB15CE217C109B0047E57B /* Default-568h@2x.png in Resources */ = {isa = PBXBuildFile; fileRef = 08FB15CD217C109B0047E57B /* Default-568h@2x.png */; };
		08FB15D0217C10C00047E57B /* LaunchScreen.xib in Resources */ = {isa = PBXBuildFile; fileRef = 08FB15CF217C10C00047E57B /* LaunchScreen.xib */; };
		08FB15D2217C11120047E57B /* Colors.xcassets in Resources */ = {isa = PBXBuildFile; fileRef = 08FB15D1217C11120047E57B /* Colors.xcassets */; };
		08FB15DF217C2A5D0047E57B /* Coordinator.swift in Sources */ = {isa = PBXBuildFile; fileRef = 08FB15DE217C2A5D0047E57B /* Coordinator.swift */; };
		08FB15E6217C2F760047E57B /* MoviesGridViewController.swift in Sources */ = {isa = PBXBuildFile; fileRef = 08FB15E5217C2F760047E57B /* MoviesGridViewController.swift */; };
		08FB15E8217C2F970047E57B /* MoviesGridPresenter.swift in Sources */ = {isa = PBXBuildFile; fileRef = 08FB15E7217C2F970047E57B /* MoviesGridPresenter.swift */; };
		08FB15EA217C2FA10047E57B /* MoviesGridCoordinator.swift in Sources */ = {isa = PBXBuildFile; fileRef = 08FB15E9217C2FA10047E57B /* MoviesGridCoordinator.swift */; };
		08FB15EC217C2FC40047E57B /* MovieDetailViewController.swift in Sources */ = {isa = PBXBuildFile; fileRef = 08FB15EB217C2FC40047E57B /* MovieDetailViewController.swift */; };
		08FB15EE217C2FCC0047E57B /* MovieDetailPresenter.swift in Sources */ = {isa = PBXBuildFile; fileRef = 08FB15ED217C2FCC0047E57B /* MovieDetailPresenter.swift */; };
		08FB15F0217C2FD40047E57B /* MovieDetailCoordinator.swift in Sources */ = {isa = PBXBuildFile; fileRef = 08FB15EF217C2FD40047E57B /* MovieDetailCoordinator.swift */; };
		08FB15F2217C2FE30047E57B /* FavoriteMoviesViewController.swift in Sources */ = {isa = PBXBuildFile; fileRef = 08FB15F1217C2FE30047E57B /* FavoriteMoviesViewController.swift */; };
		08FB15F4217C2FEE0047E57B /* FavoriteMoviesPresenter.swift in Sources */ = {isa = PBXBuildFile; fileRef = 08FB15F3217C2FEE0047E57B /* FavoriteMoviesPresenter.swift */; };
		08FB15F6217C2FF80047E57B /* FavoriteMoviesCoordinator.swift in Sources */ = {isa = PBXBuildFile; fileRef = 08FB15F5217C2FF80047E57B /* FavoriteMoviesCoordinator.swift */; };
		08FB15F8217C30040047E57B /* FilterViewController.swift in Sources */ = {isa = PBXBuildFile; fileRef = 08FB15F7217C30040047E57B /* FilterViewController.swift */; };
		08FB15FA217C302E0047E57B /* FilterPresenter.swift in Sources */ = {isa = PBXBuildFile; fileRef = 08FB15F9217C302E0047E57B /* FilterPresenter.swift */; };
		08FB15FC217C30360047E57B /* FilterCoordinator.swift in Sources */ = {isa = PBXBuildFile; fileRef = 08FB15FB217C30360047E57B /* FilterCoordinator.swift */; };
		08FB1601217E41C30047E57B /* BaseMVP.swift in Sources */ = {isa = PBXBuildFile; fileRef = 08FB1600217E41C30047E57B /* BaseMVP.swift */; };
		08FB1607217E5EBD0047E57B /* Colors.swift in Sources */ = {isa = PBXBuildFile; fileRef = 08FB1606217E5EBD0047E57B /* Colors.swift */; };
		08FB1609217E5EC30047E57B /* Assets.swift in Sources */ = {isa = PBXBuildFile; fileRef = 08FB1608217E5EC30047E57B /* Assets.swift */; };
/* End PBXBuildFile section */

/* Begin PBXContainerItemProxy section */
		08E4A6282181E9FB00386DFA /* PBXContainerItemProxy */ = {
			isa = PBXContainerItemProxy;
			containerPortal = 0818B32D217C0C1E00F884B8 /* Project object */;
			proxyType = 1;
			remoteGlobalIDString = 0818B334217C0C1E00F884B8;
			remoteInfo = Movs;
		};
/* End PBXContainerItemProxy section */

/* Begin PBXFileReference section */
		0818B335217C0C1E00F884B8 /* Movs.app */ = {isa = PBXFileReference; explicitFileType = wrapper.application; includeInIndex = 0; path = Movs.app; sourceTree = BUILT_PRODUCTS_DIR; };
		0818B338217C0C1E00F884B8 /* AppDelegate.swift */ = {isa = PBXFileReference; lastKnownFileType = sourcecode.swift; path = AppDelegate.swift; sourceTree = "<group>"; };
		0818B33F217C0C1F00F884B8 /* Assets.xcassets */ = {isa = PBXFileReference; lastKnownFileType = folder.assetcatalog; path = Assets.xcassets; sourceTree = "<group>"; };
		0818B344217C0C1F00F884B8 /* Info.plist */ = {isa = PBXFileReference; lastKnownFileType = text.plist.xml; path = Info.plist; sourceTree = "<group>"; };
		084645B6217F7FF400B3A05F /* MoviesGridView.swift */ = {isa = PBXFileReference; lastKnownFileType = sourcecode.swift; path = MoviesGridView.swift; sourceTree = "<group>"; };
		084645B8217F806800B3A05F /* ViewCode.swift */ = {isa = PBXFileReference; lastKnownFileType = sourcecode.swift; path = ViewCode.swift; sourceTree = "<group>"; };
		084645BB217FA05400B3A05F /* MoviesGridCollectionView.swift */ = {isa = PBXFileReference; lastKnownFileType = sourcecode.swift; path = MoviesGridCollectionView.swift; sourceTree = "<group>"; };
		084645BD217FA07900B3A05F /* MoviesGridCell.swift */ = {isa = PBXFileReference; lastKnownFileType = sourcecode.swift; path = MoviesGridCell.swift; sourceTree = "<group>"; };
		084645C0217FA1AC00B3A05F /* MovsNavigationController.swift */ = {isa = PBXFileReference; lastKnownFileType = sourcecode.swift; path = MovsNavigationController.swift; sourceTree = "<group>"; };
		084645C3217FAF2500B3A05F /* MoviesGridDataSource.swift */ = {isa = PBXFileReference; lastKnownFileType = sourcecode.swift; path = MoviesGridDataSource.swift; sourceTree = "<group>"; };
		084645C8217FB9AF00B3A05F /* MovsNavigationSearchController.swift */ = {isa = PBXFileReference; lastKnownFileType = sourcecode.swift; path = MovsNavigationSearchController.swift; sourceTree = "<group>"; };
		08E4A6152181263200386DFA /* Fonts.swift */ = {isa = PBXFileReference; lastKnownFileType = sourcecode.swift; path = Fonts.swift; sourceTree = "<group>"; };
		08E4A618218132BD00386DFA /* MovsTabBarController.swift */ = {isa = PBXFileReference; lastKnownFileType = sourcecode.swift; path = MovsTabBarController.swift; sourceTree = "<group>"; };
		08E4A61A2181373500386DFA /* AppCoordinator.swift */ = {isa = PBXFileReference; lastKnownFileType = sourcecode.swift; path = AppCoordinator.swift; sourceTree = "<group>"; };
		08E4A61D2181417100386DFA /* FeedbackView.swift */ = {isa = PBXFileReference; lastKnownFileType = sourcecode.swift; path = FeedbackView.swift; sourceTree = "<group>"; };
		08E4A6232181E9FB00386DFA /* MovsTests.xctest */ = {isa = PBXFileReference; explicitFileType = wrapper.cfbundle; includeInIndex = 0; path = MovsTests.xctest; sourceTree = BUILT_PRODUCTS_DIR; };
		08E4A6272181E9FB00386DFA /* Info.plist */ = {isa = PBXFileReference; lastKnownFileType = text.plist.xml; path = Info.plist; sourceTree = "<group>"; };
		08E4A6312181EB4F00386DFA /* CoordinatorTests.swift */ = {isa = PBXFileReference; lastKnownFileType = sourcecode.swift; path = CoordinatorTests.swift; sourceTree = "<group>"; };
		08E4A6332181F03500386DFA /* BaseMVPTests.swift */ = {isa = PBXFileReference; lastKnownFileType = sourcecode.swift; path = BaseMVPTests.swift; sourceTree = "<group>"; };
		08E4A6352181FAC900386DFA /* ViewCodeTests.swift */ = {isa = PBXFileReference; lastKnownFileType = sourcecode.swift; path = ViewCodeTests.swift; sourceTree = "<group>"; };
		08E4A6372182456E00386DFA /* MoviesGridFlowLayout.swift */ = {isa = PBXFileReference; lastKnownFileType = sourcecode.swift; path = MoviesGridFlowLayout.swift; sourceTree = "<group>"; };
		08E4A63A2182554500386DFA /* FavoriteMoviesCell.swift */ = {isa = PBXFileReference; lastKnownFileType = sourcecode.swift; path = FavoriteMoviesCell.swift; sourceTree = "<group>"; };
		08E4A63C218336A200386DFA /* FavoriteMoviesView.swift */ = {isa = PBXFileReference; lastKnownFileType = sourcecode.swift; path = FavoriteMoviesView.swift; sourceTree = "<group>"; };
		08E4A63E2183372600386DFA /* FavoriteMoviesTableView.swift */ = {isa = PBXFileReference; lastKnownFileType = sourcecode.swift; path = FavoriteMoviesTableView.swift; sourceTree = "<group>"; };
		08E4A6402183373700386DFA /* FavoriteMoviesDataSource.swift */ = {isa = PBXFileReference; lastKnownFileType = sourcecode.swift; path = FavoriteMoviesDataSource.swift; sourceTree = "<group>"; };
		08E4A6442184927A00386DFA /* UIView+Autolayout.swift */ = {isa = PBXFileReference; lastKnownFileType = sourcecode.swift; path = "UIView+Autolayout.swift"; sourceTree = "<group>"; };
		08E4A6472184965800386DFA /* AssetsTests.swift */ = {isa = PBXFileReference; lastKnownFileType = sourcecode.swift; path = AssetsTests.swift; sourceTree = "<group>"; };
		08E4A64A218766CF00386DFA /* MovieDetailView.swift */ = {isa = PBXFileReference; lastKnownFileType = sourcecode.swift; path = MovieDetailView.swift; sourceTree = "<group>"; };
		08F140842189382C00136045 /* FavoriteButton.swift */ = {isa = PBXFileReference; lastKnownFileType = sourcecode.swift; path = FavoriteButton.swift; sourceTree = "<group>"; };
		08F1408621893A9E00136045 /* MovieDetailDataSource.swift */ = {isa = PBXFileReference; lastKnownFileType = sourcecode.swift; path = MovieDetailDataSource.swift; sourceTree = "<group>"; };
		08FB15CD217C109B0047E57B /* Default-568h@2x.png */ = {isa = PBXFileReference; lastKnownFileType = image.png; path = "Default-568h@2x.png"; sourceTree = "<group>"; };
		08FB15CF217C10C00047E57B /* LaunchScreen.xib */ = {isa = PBXFileReference; lastKnownFileType = file.xib; path = LaunchScreen.xib; sourceTree = "<group>"; };
		08FB15D1217C11120047E57B /* Colors.xcassets */ = {isa = PBXFileReference; lastKnownFileType = folder.assetcatalog; path = Colors.xcassets; sourceTree = "<group>"; };
		08FB15DE217C2A5D0047E57B /* Coordinator.swift */ = {isa = PBXFileReference; lastKnownFileType = sourcecode.swift; path = Coordinator.swift; sourceTree = "<group>"; };
		08FB15E5217C2F760047E57B /* MoviesGridViewController.swift */ = {isa = PBXFileReference; lastKnownFileType = sourcecode.swift; path = MoviesGridViewController.swift; sourceTree = "<group>"; };
		08FB15E7217C2F970047E57B /* MoviesGridPresenter.swift */ = {isa = PBXFileReference; lastKnownFileType = sourcecode.swift; path = MoviesGridPresenter.swift; sourceTree = "<group>"; };
		08FB15E9217C2FA10047E57B /* MoviesGridCoordinator.swift */ = {isa = PBXFileReference; lastKnownFileType = sourcecode.swift; path = MoviesGridCoordinator.swift; sourceTree = "<group>"; };
		08FB15EB217C2FC40047E57B /* MovieDetailViewController.swift */ = {isa = PBXFileReference; lastKnownFileType = sourcecode.swift; path = MovieDetailViewController.swift; sourceTree = "<group>"; };
		08FB15ED217C2FCC0047E57B /* MovieDetailPresenter.swift */ = {isa = PBXFileReference; lastKnownFileType = sourcecode.swift; path = MovieDetailPresenter.swift; sourceTree = "<group>"; };
		08FB15EF217C2FD40047E57B /* MovieDetailCoordinator.swift */ = {isa = PBXFileReference; lastKnownFileType = sourcecode.swift; path = MovieDetailCoordinator.swift; sourceTree = "<group>"; };
		08FB15F1217C2FE30047E57B /* FavoriteMoviesViewController.swift */ = {isa = PBXFileReference; lastKnownFileType = sourcecode.swift; path = FavoriteMoviesViewController.swift; sourceTree = "<group>"; };
		08FB15F3217C2FEE0047E57B /* FavoriteMoviesPresenter.swift */ = {isa = PBXFileReference; lastKnownFileType = sourcecode.swift; path = FavoriteMoviesPresenter.swift; sourceTree = "<group>"; };
		08FB15F5217C2FF80047E57B /* FavoriteMoviesCoordinator.swift */ = {isa = PBXFileReference; lastKnownFileType = sourcecode.swift; path = FavoriteMoviesCoordinator.swift; sourceTree = "<group>"; };
		08FB15F7217C30040047E57B /* FilterViewController.swift */ = {isa = PBXFileReference; lastKnownFileType = sourcecode.swift; path = FilterViewController.swift; sourceTree = "<group>"; };
		08FB15F9217C302E0047E57B /* FilterPresenter.swift */ = {isa = PBXFileReference; lastKnownFileType = sourcecode.swift; path = FilterPresenter.swift; sourceTree = "<group>"; };
		08FB15FB217C30360047E57B /* FilterCoordinator.swift */ = {isa = PBXFileReference; lastKnownFileType = sourcecode.swift; path = FilterCoordinator.swift; sourceTree = "<group>"; };
		08FB1600217E41C30047E57B /* BaseMVP.swift */ = {isa = PBXFileReference; lastKnownFileType = sourcecode.swift; path = BaseMVP.swift; sourceTree = "<group>"; };
		08FB1606217E5EBD0047E57B /* Colors.swift */ = {isa = PBXFileReference; lastKnownFileType = sourcecode.swift; path = Colors.swift; sourceTree = "<group>"; };
		08FB1608217E5EC30047E57B /* Assets.swift */ = {isa = PBXFileReference; lastKnownFileType = sourcecode.swift; path = Assets.swift; sourceTree = "<group>"; };
/* End PBXFileReference section */

/* Begin PBXFrameworksBuildPhase section */
		0818B332217C0C1E00F884B8 /* Frameworks */ = {
			isa = PBXFrameworksBuildPhase;
			buildActionMask = 2147483647;
			files = (
			);
			runOnlyForDeploymentPostprocessing = 0;
		};
		08E4A6202181E9FB00386DFA /* Frameworks */ = {
			isa = PBXFrameworksBuildPhase;
			buildActionMask = 2147483647;
			files = (
			);
			runOnlyForDeploymentPostprocessing = 0;
		};
/* End PBXFrameworksBuildPhase section */

/* Begin PBXGroup section */
		0818B32C217C0C1E00F884B8 = {
			isa = PBXGroup;
			children = (
				0818B337217C0C1E00F884B8 /* Movs */,
				08E4A6242181E9FB00386DFA /* MovsTests */,
				0818B336217C0C1E00F884B8 /* Products */,
			);
			sourceTree = "<group>";
		};
		0818B336217C0C1E00F884B8 /* Products */ = {
			isa = PBXGroup;
			children = (
				0818B335217C0C1E00F884B8 /* Movs.app */,
				08E4A6232181E9FB00386DFA /* MovsTests.xctest */,
			);
			name = Products;
			sourceTree = "<group>";
		};
		0818B337217C0C1E00F884B8 /* Movs */ = {
			isa = PBXGroup;
			children = (
				08FB15D3217C15DC0047E57B /* Support */,
				08FB15D4217C160D0047E57B /* Core */,
				08FB1602217E52A80047E57B /* UI */,
				08FB15E0217C2EDE0047E57B /* Scenes */,
			);
			path = Movs;
			sourceTree = "<group>";
		};
		084645BA217FA03E00B3A05F /* MoviesGrid */ = {
			isa = PBXGroup;
			children = (
				084645B6217F7FF400B3A05F /* MoviesGridView.swift */,
				084645BB217FA05400B3A05F /* MoviesGridCollectionView.swift */,
				084645C3217FAF2500B3A05F /* MoviesGridDataSource.swift */,
				08E4A6372182456E00386DFA /* MoviesGridFlowLayout.swift */,
				084645BD217FA07900B3A05F /* MoviesGridCell.swift */,
			);
			path = MoviesGrid;
			sourceTree = "<group>";
		};
		08E4A617218132A400386DFA /* Components */ = {
			isa = PBXGroup;
			children = (
				08E4A618218132BD00386DFA /* MovsTabBarController.swift */,
				084645C0217FA1AC00B3A05F /* MovsNavigationController.swift */,
				084645C8217FB9AF00B3A05F /* MovsNavigationSearchController.swift */,
				08E4A61D2181417100386DFA /* FeedbackView.swift */,
				08F140842189382C00136045 /* FavoriteButton.swift */,
			);
			path = Components;
			sourceTree = "<group>";
		};
		08E4A6242181E9FB00386DFA /* MovsTests */ = {
			isa = PBXGroup;
			children = (
				08E4A6272181E9FB00386DFA /* Info.plist */,
				08E4A62D2181EA0F00386DFA /* Core */,
				08E4A6462184963700386DFA /* UI */,
			);
			path = MovsTests;
			sourceTree = "<group>";
		};
		08E4A62D2181EA0F00386DFA /* Core */ = {
			isa = PBXGroup;
			children = (
				08E4A6312181EB4F00386DFA /* CoordinatorTests.swift */,
				08E4A6332181F03500386DFA /* BaseMVPTests.swift */,
				08E4A6352181FAC900386DFA /* ViewCodeTests.swift */,
			);
			path = Core;
			sourceTree = "<group>";
		};
		08E4A6392182551200386DFA /* FavoriteMovies */ = {
			isa = PBXGroup;
			children = (
				08E4A63C218336A200386DFA /* FavoriteMoviesView.swift */,
				08E4A63E2183372600386DFA /* FavoriteMoviesTableView.swift */,
				08E4A6402183373700386DFA /* FavoriteMoviesDataSource.swift */,
				08E4A63A2182554500386DFA /* FavoriteMoviesCell.swift */,
			);
			path = FavoriteMovies;
			sourceTree = "<group>";
		};
		08E4A6432184926100386DFA /* Extensions */ = {
			isa = PBXGroup;
			children = (
				08E4A6442184927A00386DFA /* UIView+Autolayout.swift */,
			);
			path = Extensions;
			sourceTree = "<group>";
		};
		08E4A6462184963700386DFA /* UI */ = {
			isa = PBXGroup;
			children = (
				08E4A6472184965800386DFA /* AssetsTests.swift */,
			);
			path = UI;
			sourceTree = "<group>";
		};
		08E4A649218766B400386DFA /* MovieDetail */ = {
			isa = PBXGroup;
			children = (
				08E4A64A218766CF00386DFA /* MovieDetailView.swift */,
				08F1408621893A9E00136045 /* MovieDetailDataSource.swift */,
			);
			path = MovieDetail;
			sourceTree = "<group>";
		};
		08FB15D3217C15DC0047E57B /* Support */ = {
			isa = PBXGroup;
			children = (
				0818B344217C0C1F00F884B8 /* Info.plist */,
				08FB15CF217C10C00047E57B /* LaunchScreen.xib */,
				0818B33F217C0C1F00F884B8 /* Assets.xcassets */,
				08FB15D1217C11120047E57B /* Colors.xcassets */,
				08FB15CD217C109B0047E57B /* Default-568h@2x.png */,
			);
			path = Support;
			sourceTree = "<group>";
		};
		08FB15D4217C160D0047E57B /* Core */ = {
			isa = PBXGroup;
			children = (
				0818B338217C0C1E00F884B8 /* AppDelegate.swift */,
				08FB15DE217C2A5D0047E57B /* Coordinator.swift */,
				08E4A61A2181373500386DFA /* AppCoordinator.swift */,
				08FB1600217E41C30047E57B /* BaseMVP.swift */,
				084645B8217F806800B3A05F /* ViewCode.swift */,
			);
			path = Core;
			sourceTree = "<group>";
		};
		08FB15E0217C2EDE0047E57B /* Scenes */ = {
			isa = PBXGroup;
			children = (
				08FB15E1217C2EEF0047E57B /* MoviesGrid */,
				08FB15E3217C2F140047E57B /* MovieDetail */,
				08FB15E2217C2F030047E57B /* FavoriteMovies */,
				08FB15E4217C2F230047E57B /* Filter */,
			);
			path = Scenes;
			sourceTree = "<group>";
		};
		08FB15E1217C2EEF0047E57B /* MoviesGrid */ = {
			isa = PBXGroup;
			children = (
				08FB15E5217C2F760047E57B /* MoviesGridViewController.swift */,
				08FB15E7217C2F970047E57B /* MoviesGridPresenter.swift */,
				08FB15E9217C2FA10047E57B /* MoviesGridCoordinator.swift */,
			);
			path = MoviesGrid;
			sourceTree = "<group>";
		};
		08FB15E2217C2F030047E57B /* FavoriteMovies */ = {
			isa = PBXGroup;
			children = (
				08FB15F1217C2FE30047E57B /* FavoriteMoviesViewController.swift */,
				08FB15F3217C2FEE0047E57B /* FavoriteMoviesPresenter.swift */,
				08FB15F5217C2FF80047E57B /* FavoriteMoviesCoordinator.swift */,
			);
			path = FavoriteMovies;
			sourceTree = "<group>";
		};
		08FB15E3217C2F140047E57B /* MovieDetail */ = {
			isa = PBXGroup;
			children = (
				08FB15EB217C2FC40047E57B /* MovieDetailViewController.swift */,
				08FB15ED217C2FCC0047E57B /* MovieDetailPresenter.swift */,
				08FB15EF217C2FD40047E57B /* MovieDetailCoordinator.swift */,
			);
			path = MovieDetail;
			sourceTree = "<group>";
		};
		08FB15E4217C2F230047E57B /* Filter */ = {
			isa = PBXGroup;
			children = (
				08FB15F7217C30040047E57B /* FilterViewController.swift */,
				08FB15F9217C302E0047E57B /* FilterPresenter.swift */,
				08FB15FB217C30360047E57B /* FilterCoordinator.swift */,
			);
			path = Filter;
			sourceTree = "<group>";
		};
		08FB1602217E52A80047E57B /* UI */ = {
			isa = PBXGroup;
			children = (
				08FB1605217E5EAF0047E57B /* Assets */,
				08E4A617218132A400386DFA /* Components */,
				084645BA217FA03E00B3A05F /* MoviesGrid */,
				08E4A649218766B400386DFA /* MovieDetail */,
				08E4A6392182551200386DFA /* FavoriteMovies */,
				08E4A6432184926100386DFA /* Extensions */,
			);
			path = UI;
			sourceTree = "<group>";
		};
		08FB1605217E5EAF0047E57B /* Assets */ = {
			isa = PBXGroup;
			children = (
				08FB1608217E5EC30047E57B /* Assets.swift */,
				08FB1606217E5EBD0047E57B /* Colors.swift */,
				08E4A6152181263200386DFA /* Fonts.swift */,
			);
			path = Assets;
			sourceTree = "<group>";
		};
/* End PBXGroup section */

/* Begin PBXNativeTarget section */
		0818B334217C0C1E00F884B8 /* Movs */ = {
			isa = PBXNativeTarget;
			buildConfigurationList = 0818B347217C0C1F00F884B8 /* Build configuration list for PBXNativeTarget "Movs" */;
			buildPhases = (
				0818B331217C0C1E00F884B8 /* Sources */,
				0818B332217C0C1E00F884B8 /* Frameworks */,
				0818B333217C0C1E00F884B8 /* Resources */,
			);
			buildRules = (
			);
			dependencies = (
			);
			name = Movs;
			productName = Movs;
			productReference = 0818B335217C0C1E00F884B8 /* Movs.app */;
			productType = "com.apple.product-type.application";
		};
		08E4A6222181E9FB00386DFA /* MovsTests */ = {
			isa = PBXNativeTarget;
			buildConfigurationList = 08E4A62A2181E9FB00386DFA /* Build configuration list for PBXNativeTarget "MovsTests" */;
			buildPhases = (
				08E4A61F2181E9FB00386DFA /* Sources */,
				08E4A6202181E9FB00386DFA /* Frameworks */,
				08E4A6212181E9FB00386DFA /* Resources */,
			);
			buildRules = (
			);
			dependencies = (
				08E4A6292181E9FB00386DFA /* PBXTargetDependency */,
			);
			name = MovsTests;
			productName = MovsTests;
			productReference = 08E4A6232181E9FB00386DFA /* MovsTests.xctest */;
			productType = "com.apple.product-type.bundle.unit-test";
		};
/* End PBXNativeTarget section */

/* Begin PBXProject section */
		0818B32D217C0C1E00F884B8 /* Project object */ = {
			isa = PBXProject;
			attributes = {
				LastSwiftUpdateCheck = 1000;
				LastUpgradeCheck = 1000;
				ORGANIZATIONNAME = "Gabriel Reynoso";
				TargetAttributes = {
					0818B334217C0C1E00F884B8 = {
						CreatedOnToolsVersion = 10.0;
					};
					08E4A6222181E9FB00386DFA = {
						CreatedOnToolsVersion = 10.0;
						LastSwiftMigration = 1000;
						TestTargetID = 0818B334217C0C1E00F884B8;
					};
				};
			};
			buildConfigurationList = 0818B330217C0C1E00F884B8 /* Build configuration list for PBXProject "Movs" */;
			compatibilityVersion = "Xcode 9.3";
			developmentRegion = en;
			hasScannedForEncodings = 0;
			knownRegions = (
				en,
				Base,
			);
			mainGroup = 0818B32C217C0C1E00F884B8;
			productRefGroup = 0818B336217C0C1E00F884B8 /* Products */;
			projectDirPath = "";
			projectRoot = "";
			targets = (
				0818B334217C0C1E00F884B8 /* Movs */,
				08E4A6222181E9FB00386DFA /* MovsTests */,
			);
		};
/* End PBXProject section */

/* Begin PBXResourcesBuildPhase section */
		0818B333217C0C1E00F884B8 /* Resources */ = {
			isa = PBXResourcesBuildPhase;
			buildActionMask = 2147483647;
			files = (
				0818B340217C0C1F00F884B8 /* Assets.xcassets in Resources */,
				08FB15D2217C11120047E57B /* Colors.xcassets in Resources */,
				08FB15D0217C10C00047E57B /* LaunchScreen.xib in Resources */,
				08FB15CE217C109B0047E57B /* Default-568h@2x.png in Resources */,
			);
			runOnlyForDeploymentPostprocessing = 0;
		};
		08E4A6212181E9FB00386DFA /* Resources */ = {
			isa = PBXResourcesBuildPhase;
			buildActionMask = 2147483647;
			files = (
			);
			runOnlyForDeploymentPostprocessing = 0;
		};
/* End PBXResourcesBuildPhase section */

/* Begin PBXSourcesBuildPhase section */
		0818B331217C0C1E00F884B8 /* Sources */ = {
			isa = PBXSourcesBuildPhase;
			buildActionMask = 2147483647;
			files = (
				08E4A6412183373700386DFA /* FavoriteMoviesDataSource.swift in Sources */,
				084645B7217F7FF400B3A05F /* MoviesGridView.swift in Sources */,
				08FB15F2217C2FE30047E57B /* FavoriteMoviesViewController.swift in Sources */,
				08F140852189382C00136045 /* FavoriteButton.swift in Sources */,
				08E4A63B2182554500386DFA /* FavoriteMoviesCell.swift in Sources */,
				08FB15F4217C2FEE0047E57B /* FavoriteMoviesPresenter.swift in Sources */,
				084645BE217FA07900B3A05F /* MoviesGridCell.swift in Sources */,
				084645BC217FA05400B3A05F /* MoviesGridCollectionView.swift in Sources */,
				08FB1607217E5EBD0047E57B /* Colors.swift in Sources */,
				08E4A61B2181373500386DFA /* AppCoordinator.swift in Sources */,
				08E4A6162181263200386DFA /* Fonts.swift in Sources */,
				08FB15EA217C2FA10047E57B /* MoviesGridCoordinator.swift in Sources */,
				08FB1601217E41C30047E57B /* BaseMVP.swift in Sources */,
				08E4A63D218336A200386DFA /* FavoriteMoviesView.swift in Sources */,
				0818B339217C0C1E00F884B8 /* AppDelegate.swift in Sources */,
				08FB15EE217C2FCC0047E57B /* MovieDetailPresenter.swift in Sources */,
				08E4A63F2183372600386DFA /* FavoriteMoviesTableView.swift in Sources */,
				08FB1609217E5EC30047E57B /* Assets.swift in Sources */,
				08FB15E8217C2F970047E57B /* MoviesGridPresenter.swift in Sources */,
				08E4A6382182456E00386DFA /* MoviesGridFlowLayout.swift in Sources */,
				08F1408721893A9E00136045 /* MovieDetailDataSource.swift in Sources */,
				084645C9217FB9AF00B3A05F /* MovsNavigationSearchController.swift in Sources */,
				08E4A619218132BD00386DFA /* MovsTabBarController.swift in Sources */,
				084645B9217F806800B3A05F /* ViewCode.swift in Sources */,
				08E4A64B218766CF00386DFA /* MovieDetailView.swift in Sources */,
				084645C4217FAF2500B3A05F /* MoviesGridDataSource.swift in Sources */,
				08E4A6452184927A00386DFA /* UIView+Autolayout.swift in Sources */,
				08FB15F8217C30040047E57B /* FilterViewController.swift in Sources */,
				084645C1217FA1AC00B3A05F /* MovsNavigationController.swift in Sources */,
				08FB15FA217C302E0047E57B /* FilterPresenter.swift in Sources */,
				08E4A61E2181417100386DFA /* FeedbackView.swift in Sources */,
				08FB15F6217C2FF80047E57B /* FavoriteMoviesCoordinator.swift in Sources */,
				08FB15DF217C2A5D0047E57B /* Coordinator.swift in Sources */,
				08FB15FC217C30360047E57B /* FilterCoordinator.swift in Sources */,
				08FB15EC217C2FC40047E57B /* MovieDetailViewController.swift in Sources */,
				08FB15F0217C2FD40047E57B /* MovieDetailCoordinator.swift in Sources */,
				08FB15E6217C2F760047E57B /* MoviesGridViewController.swift in Sources */,
			);
			runOnlyForDeploymentPostprocessing = 0;
		};
		08E4A61F2181E9FB00386DFA /* Sources */ = {
			isa = PBXSourcesBuildPhase;
			buildActionMask = 2147483647;
			files = (
				08E4A6342181F03500386DFA /* BaseMVPTests.swift in Sources */,
				08E4A6362181FAC900386DFA /* ViewCodeTests.swift in Sources */,
				08E4A6482184965800386DFA /* AssetsTests.swift in Sources */,
				08E4A6322181EB4F00386DFA /* CoordinatorTests.swift in Sources */,
			);
			runOnlyForDeploymentPostprocessing = 0;
		};
/* End PBXSourcesBuildPhase section */

/* Begin PBXTargetDependency section */
		08E4A6292181E9FB00386DFA /* PBXTargetDependency */ = {
			isa = PBXTargetDependency;
			target = 0818B334217C0C1E00F884B8 /* Movs */;
			targetProxy = 08E4A6282181E9FB00386DFA /* PBXContainerItemProxy */;
		};
/* End PBXTargetDependency section */

/* Begin XCBuildConfiguration section */
		0818B345217C0C1F00F884B8 /* Debug */ = {
			isa = XCBuildConfiguration;
			buildSettings = {
				ALWAYS_SEARCH_USER_PATHS = NO;
				CLANG_ANALYZER_NONNULL = YES;
				CLANG_ANALYZER_NUMBER_OBJECT_CONVERSION = YES_AGGRESSIVE;
				CLANG_CXX_LANGUAGE_STANDARD = "gnu++14";
				CLANG_CXX_LIBRARY = "libc++";
				CLANG_ENABLE_MODULES = YES;
				CLANG_ENABLE_OBJC_ARC = YES;
				CLANG_ENABLE_OBJC_WEAK = YES;
				CLANG_WARN_BLOCK_CAPTURE_AUTORELEASING = YES;
				CLANG_WARN_BOOL_CONVERSION = YES;
				CLANG_WARN_COMMA = YES;
				CLANG_WARN_CONSTANT_CONVERSION = YES;
				CLANG_WARN_DEPRECATED_OBJC_IMPLEMENTATIONS = YES;
				CLANG_WARN_DIRECT_OBJC_ISA_USAGE = YES_ERROR;
				CLANG_WARN_DOCUMENTATION_COMMENTS = YES;
				CLANG_WARN_EMPTY_BODY = YES;
				CLANG_WARN_ENUM_CONVERSION = YES;
				CLANG_WARN_INFINITE_RECURSION = YES;
				CLANG_WARN_INT_CONVERSION = YES;
				CLANG_WARN_NON_LITERAL_NULL_CONVERSION = YES;
				CLANG_WARN_OBJC_IMPLICIT_RETAIN_SELF = YES;
				CLANG_WARN_OBJC_LITERAL_CONVERSION = YES;
				CLANG_WARN_OBJC_ROOT_CLASS = YES_ERROR;
				CLANG_WARN_RANGE_LOOP_ANALYSIS = YES;
				CLANG_WARN_STRICT_PROTOTYPES = YES;
				CLANG_WARN_SUSPICIOUS_MOVE = YES;
				CLANG_WARN_UNGUARDED_AVAILABILITY = YES_AGGRESSIVE;
				CLANG_WARN_UNREACHABLE_CODE = YES;
				CLANG_WARN__DUPLICATE_METHOD_MATCH = YES;
				CODE_SIGN_IDENTITY = "iPhone Developer";
				COPY_PHASE_STRIP = NO;
				DEBUG_INFORMATION_FORMAT = dwarf;
				ENABLE_STRICT_OBJC_MSGSEND = YES;
				ENABLE_TESTABILITY = YES;
				GCC_C_LANGUAGE_STANDARD = gnu11;
				GCC_DYNAMIC_NO_PIC = NO;
				GCC_NO_COMMON_BLOCKS = YES;
				GCC_OPTIMIZATION_LEVEL = 0;
				GCC_PREPROCESSOR_DEFINITIONS = (
					"DEBUG=1",
					"$(inherited)",
				);
				GCC_WARN_64_TO_32_BIT_CONVERSION = YES;
				GCC_WARN_ABOUT_RETURN_TYPE = YES_ERROR;
				GCC_WARN_UNDECLARED_SELECTOR = YES;
				GCC_WARN_UNINITIALIZED_AUTOS = YES_AGGRESSIVE;
				GCC_WARN_UNUSED_FUNCTION = YES;
				GCC_WARN_UNUSED_VARIABLE = YES;
				IPHONEOS_DEPLOYMENT_TARGET = 12.0;
				MTL_ENABLE_DEBUG_INFO = INCLUDE_SOURCE;
				MTL_FAST_MATH = YES;
				ONLY_ACTIVE_ARCH = YES;
				SDKROOT = iphoneos;
				SWIFT_ACTIVE_COMPILATION_CONDITIONS = DEBUG;
				SWIFT_OPTIMIZATION_LEVEL = "-Onone";
			};
			name = Debug;
		};
		0818B346217C0C1F00F884B8 /* Release */ = {
			isa = XCBuildConfiguration;
			buildSettings = {
				ALWAYS_SEARCH_USER_PATHS = NO;
				CLANG_ANALYZER_NONNULL = YES;
				CLANG_ANALYZER_NUMBER_OBJECT_CONVERSION = YES_AGGRESSIVE;
				CLANG_CXX_LANGUAGE_STANDARD = "gnu++14";
				CLANG_CXX_LIBRARY = "libc++";
				CLANG_ENABLE_MODULES = YES;
				CLANG_ENABLE_OBJC_ARC = YES;
				CLANG_ENABLE_OBJC_WEAK = YES;
				CLANG_WARN_BLOCK_CAPTURE_AUTORELEASING = YES;
				CLANG_WARN_BOOL_CONVERSION = YES;
				CLANG_WARN_COMMA = YES;
				CLANG_WARN_CONSTANT_CONVERSION = YES;
				CLANG_WARN_DEPRECATED_OBJC_IMPLEMENTATIONS = YES;
				CLANG_WARN_DIRECT_OBJC_ISA_USAGE = YES_ERROR;
				CLANG_WARN_DOCUMENTATION_COMMENTS = YES;
				CLANG_WARN_EMPTY_BODY = YES;
				CLANG_WARN_ENUM_CONVERSION = YES;
				CLANG_WARN_INFINITE_RECURSION = YES;
				CLANG_WARN_INT_CONVERSION = YES;
				CLANG_WARN_NON_LITERAL_NULL_CONVERSION = YES;
				CLANG_WARN_OBJC_IMPLICIT_RETAIN_SELF = YES;
				CLANG_WARN_OBJC_LITERAL_CONVERSION = YES;
				CLANG_WARN_OBJC_ROOT_CLASS = YES_ERROR;
				CLANG_WARN_RANGE_LOOP_ANALYSIS = YES;
				CLANG_WARN_STRICT_PROTOTYPES = YES;
				CLANG_WARN_SUSPICIOUS_MOVE = YES;
				CLANG_WARN_UNGUARDED_AVAILABILITY = YES_AGGRESSIVE;
				CLANG_WARN_UNREACHABLE_CODE = YES;
				CLANG_WARN__DUPLICATE_METHOD_MATCH = YES;
				CODE_SIGN_IDENTITY = "iPhone Developer";
				COPY_PHASE_STRIP = NO;
				DEBUG_INFORMATION_FORMAT = "dwarf-with-dsym";
				ENABLE_NS_ASSERTIONS = NO;
				ENABLE_STRICT_OBJC_MSGSEND = YES;
				GCC_C_LANGUAGE_STANDARD = gnu11;
				GCC_NO_COMMON_BLOCKS = YES;
				GCC_WARN_64_TO_32_BIT_CONVERSION = YES;
				GCC_WARN_ABOUT_RETURN_TYPE = YES_ERROR;
				GCC_WARN_UNDECLARED_SELECTOR = YES;
				GCC_WARN_UNINITIALIZED_AUTOS = YES_AGGRESSIVE;
				GCC_WARN_UNUSED_FUNCTION = YES;
				GCC_WARN_UNUSED_VARIABLE = YES;
				IPHONEOS_DEPLOYMENT_TARGET = 12.0;
				MTL_ENABLE_DEBUG_INFO = NO;
				MTL_FAST_MATH = YES;
				SDKROOT = iphoneos;
				SWIFT_COMPILATION_MODE = wholemodule;
				SWIFT_OPTIMIZATION_LEVEL = "-O";
				VALIDATE_PRODUCT = YES;
			};
			name = Release;
		};
		0818B348217C0C1F00F884B8 /* Debug */ = {
			isa = XCBuildConfiguration;
			buildSettings = {
				ASSETCATALOG_COMPILER_APPICON_NAME = AppIcon;
				CODE_SIGN_STYLE = Automatic;
				DEVELOPMENT_TEAM = JP3F8DJU56;
				INFOPLIST_FILE = "$(SRCROOT)/Movs/Support/Info.plist";
				LD_RUNPATH_SEARCH_PATHS = (
					"$(inherited)",
					"@executable_path/Frameworks",
				);
				PRODUCT_BUNDLE_IDENTIFIER = com.greynoso.Movs;
				PRODUCT_NAME = "$(TARGET_NAME)";
				SWIFT_VERSION = 4.2;
				TARGETED_DEVICE_FAMILY = "1,2";
			};
			name = Debug;
		};
		0818B349217C0C1F00F884B8 /* Release */ = {
			isa = XCBuildConfiguration;
			buildSettings = {
				ASSETCATALOG_COMPILER_APPICON_NAME = AppIcon;
				CODE_SIGN_STYLE = Automatic;
				DEVELOPMENT_TEAM = JP3F8DJU56;
				INFOPLIST_FILE = "$(SRCROOT)/Movs/Support/Info.plist";
				LD_RUNPATH_SEARCH_PATHS = (
					"$(inherited)",
					"@executable_path/Frameworks",
				);
				PRODUCT_BUNDLE_IDENTIFIER = com.greynoso.Movs;
				PRODUCT_NAME = "$(TARGET_NAME)";
				SWIFT_VERSION = 4.2;
				TARGETED_DEVICE_FAMILY = "1,2";
			};
			name = Release;
		};
		08E4A62B2181E9FB00386DFA /* Debug */ = {
			isa = XCBuildConfiguration;
			buildSettings = {
				BUNDLE_LOADER = "$(TEST_HOST)";
				CLANG_ENABLE_MODULES = YES;
				CODE_SIGN_STYLE = Automatic;
				DEVELOPMENT_TEAM = JP3F8DJU56;
				INFOPLIST_FILE = MovsTests/Info.plist;
				LD_RUNPATH_SEARCH_PATHS = (
					"$(inherited)",
					"@executable_path/Frameworks",
					"@loader_path/Frameworks",
				);
				PRODUCT_BUNDLE_IDENTIFIER = com.greynoso.MovsTests;
				PRODUCT_NAME = "$(TARGET_NAME)";
				SWIFT_OBJC_BRIDGING_HEADER = "";
				SWIFT_OPTIMIZATION_LEVEL = "-Onone";
				SWIFT_VERSION = 4.2;
				TARGETED_DEVICE_FAMILY = "1,2";
				TEST_HOST = "$(BUILT_PRODUCTS_DIR)/Movs.app/Movs";
			};
			name = Debug;
		};
		08E4A62C2181E9FB00386DFA /* Release */ = {
			isa = XCBuildConfiguration;
			buildSettings = {
				BUNDLE_LOADER = "$(TEST_HOST)";
				CLANG_ENABLE_MODULES = YES;
				CODE_SIGN_STYLE = Automatic;
				DEVELOPMENT_TEAM = JP3F8DJU56;
				INFOPLIST_FILE = MovsTests/Info.plist;
				LD_RUNPATH_SEARCH_PATHS = (
					"$(inherited)",
					"@executable_path/Frameworks",
					"@loader_path/Frameworks",
				);
				PRODUCT_BUNDLE_IDENTIFIER = com.greynoso.MovsTests;
				PRODUCT_NAME = "$(TARGET_NAME)";
				SWIFT_OBJC_BRIDGING_HEADER = "";
				SWIFT_VERSION = 4.2;
				TARGETED_DEVICE_FAMILY = "1,2";
				TEST_HOST = "$(BUILT_PRODUCTS_DIR)/Movs.app/Movs";
			};
			name = Release;
		};
/* End XCBuildConfiguration section */

/* Begin XCConfigurationList section */
		0818B330217C0C1E00F884B8 /* Build configuration list for PBXProject "Movs" */ = {
			isa = XCConfigurationList;
			buildConfigurations = (
				0818B345217C0C1F00F884B8 /* Debug */,
				0818B346217C0C1F00F884B8 /* Release */,
			);
			defaultConfigurationIsVisible = 0;
			defaultConfigurationName = Release;
		};
		0818B347217C0C1F00F884B8 /* Build configuration list for PBXNativeTarget "Movs" */ = {
			isa = XCConfigurationList;
			buildConfigurations = (
				0818B348217C0C1F00F884B8 /* Debug */,
				0818B349217C0C1F00F884B8 /* Release */,
			);
			defaultConfigurationIsVisible = 0;
			defaultConfigurationName = Release;
		};
		08E4A62A2181E9FB00386DFA /* Build configuration list for PBXNativeTarget "MovsTests" */ = {
			isa = XCConfigurationList;
			buildConfigurations = (
				08E4A62B2181E9FB00386DFA /* Debug */,
				08E4A62C2181E9FB00386DFA /* Release */,
			);
			defaultConfigurationIsVisible = 0;
			defaultConfigurationName = Release;
		};
/* End XCConfigurationList section */
	};
	rootObject = 0818B32D217C0C1E00F884B8 /* Project object */;
}
